// !$*UTF8*$!
{
	archiveVersion = 1;
	classes = {
	};
	objectVersion = 50;
	objects = {

/* Begin PBXBuildFile section */
		B545B8817FCD3B92C3F09B9B /* libPods-liuda.a in Frameworks */ = {isa = PBXBuildFile; fileRef = 6A7098F80FEB117D791C2358 /* libPods-liuda.a */; };
		BA051877229C064C0045C487 /* AppDelegate.swift in Sources */ = {isa = PBXBuildFile; fileRef = BA051876229C064C0045C487 /* AppDelegate.swift */; };
		BA05187C229C064C0045C487 /* Main.storyboard in Resources */ = {isa = PBXBuildFile; fileRef = BA05187A229C064C0045C487 /* Main.storyboard */; };
		BA05187E229C064D0045C487 /* Assets.xcassets in Resources */ = {isa = PBXBuildFile; fileRef = BA05187D229C064D0045C487 /* Assets.xcassets */; };
		BA051881229C064D0045C487 /* LaunchScreen.storyboard in Resources */ = {isa = PBXBuildFile; fileRef = BA05187F229C064D0045C487 /* LaunchScreen.storyboard */; };
		BA05188C229C064D0045C487 /* liudaTests.swift in Sources */ = {isa = PBXBuildFile; fileRef = BA05188B229C064D0045C487 /* liudaTests.swift */; };
		BA051897229C064D0045C487 /* liudaUITests.swift in Sources */ = {isa = PBXBuildFile; fileRef = BA051896229C064D0045C487 /* liudaUITests.swift */; };
		BAF4242A229D3C1200FD1C47 /* ViewControllerBackManager.swift in Sources */ = {isa = PBXBuildFile; fileRef = BAF42425229D3C1200FD1C47 /* ViewControllerBackManager.swift */; };
		BAF4242B229D3C1200FD1C47 /* LLWebViewController.swift in Sources */ = {isa = PBXBuildFile; fileRef = BAF42426229D3C1200FD1C47 /* LLWebViewController.swift */; };
		BAF4242C229D3C1200FD1C47 /* LLViewController.swift in Sources */ = {isa = PBXBuildFile; fileRef = BAF42427229D3C1200FD1C47 /* LLViewController.swift */; };
		BAF4242D229D3C1200FD1C47 /* LLNavigationController.swift in Sources */ = {isa = PBXBuildFile; fileRef = BAF42428229D3C1200FD1C47 /* LLNavigationController.swift */; };
		BAF4242E229D3C1200FD1C47 /* LLTabBarController.swift in Sources */ = {isa = PBXBuildFile; fileRef = BAF42429229D3C1200FD1C47 /* LLTabBarController.swift */; };
		BAF42433229D3C9000FD1C47 /* Define_UIImage.swift in Sources */ = {isa = PBXBuildFile; fileRef = BAF42430229D3C9000FD1C47 /* Define_UIImage.swift */; };
		BAF42434229D3C9000FD1C47 /* MacroTool.swift in Sources */ = {isa = PBXBuildFile; fileRef = BAF42431229D3C9000FD1C47 /* MacroTool.swift */; };
		BAF42435229D3C9000FD1C47 /* Define_UIColor.swift in Sources */ = {isa = PBXBuildFile; fileRef = BAF42432229D3C9000FD1C47 /* Define_UIColor.swift */; };
		BAF42444229D3D1100FD1C47 /* TimeUtil.swift in Sources */ = {isa = PBXBuildFile; fileRef = BAF42437229D3D1100FD1C47 /* TimeUtil.swift */; };
		BAF42445229D3D1100FD1C47 /* NetParamUtil.swift in Sources */ = {isa = PBXBuildFile; fileRef = BAF42439229D3D1100FD1C47 /* NetParamUtil.swift */; };
		BAF42446229D3D1100FD1C47 /* NetworkingUtil.swift in Sources */ = {isa = PBXBuildFile; fileRef = BAF4243A229D3D1100FD1C47 /* NetworkingUtil.swift */; };
		BAF42447229D3D1100FD1C47 /* Extension_UIImage.swift in Sources */ = {isa = PBXBuildFile; fileRef = BAF4243C229D3D1100FD1C47 /* Extension_UIImage.swift */; };
		BAF42448229D3D1100FD1C47 /* Extension_UIColor.swift in Sources */ = {isa = PBXBuildFile; fileRef = BAF4243D229D3D1100FD1C47 /* Extension_UIColor.swift */; };
		BAF42449229D3D1100FD1C47 /* Extension_String.swift in Sources */ = {isa = PBXBuildFile; fileRef = BAF4243E229D3D1100FD1C47 /* Extension_String.swift */; };
		BAF4244A229D3D1100FD1C47 /* BaseModel.swift in Sources */ = {isa = PBXBuildFile; fileRef = BAF42440229D3D1100FD1C47 /* BaseModel.swift */; };
		BAF4244B229D3D1100FD1C47 /* ProgressHUD.swift in Sources */ = {isa = PBXBuildFile; fileRef = BAF42442229D3D1100FD1C47 /* ProgressHUD.swift */; };
		BAF42452229D445900FD1C47 /* LLHomeViewController.swift in Sources */ = {isa = PBXBuildFile; fileRef = BAF42451229D445900FD1C47 /* LLHomeViewController.swift */; };
		BAF42454229D447B00FD1C47 /* LLTaskViewController.swift in Sources */ = {isa = PBXBuildFile; fileRef = BAF42453229D447B00FD1C47 /* LLTaskViewController.swift */; };
		BAF42456229D449F00FD1C47 /* LLInviteViewController.swift in Sources */ = {isa = PBXBuildFile; fileRef = BAF42455229D449F00FD1C47 /* LLInviteViewController.swift */; };
		BAF42458229D44B000FD1C47 /* LLMineViewController.swift in Sources */ = {isa = PBXBuildFile; fileRef = BAF42457229D44B000FD1C47 /* LLMineViewController.swift */; };
/* End PBXBuildFile section */

/* Begin PBXContainerItemProxy section */
		BA051888229C064D0045C487 /* PBXContainerItemProxy */ = {
			isa = PBXContainerItemProxy;
			containerPortal = BA05186B229C064C0045C487 /* Project object */;
			proxyType = 1;
			remoteGlobalIDString = BA051872229C064C0045C487;
			remoteInfo = liuda;
		};
		BA051893229C064D0045C487 /* PBXContainerItemProxy */ = {
			isa = PBXContainerItemProxy;
			containerPortal = BA05186B229C064C0045C487 /* Project object */;
			proxyType = 1;
			remoteGlobalIDString = BA051872229C064C0045C487;
			remoteInfo = liuda;
		};
/* End PBXContainerItemProxy section */

/* Begin PBXFileReference section */
		38436D460806F07BBCAC0FCC /* Pods-liuda.debug.xcconfig */ = {isa = PBXFileReference; includeInIndex = 1; lastKnownFileType = text.xcconfig; name = "Pods-liuda.debug.xcconfig"; path = "Target Support Files/Pods-liuda/Pods-liuda.debug.xcconfig"; sourceTree = "<group>"; };
		6A7098F80FEB117D791C2358 /* libPods-liuda.a */ = {isa = PBXFileReference; explicitFileType = archive.ar; includeInIndex = 0; path = "libPods-liuda.a"; sourceTree = BUILT_PRODUCTS_DIR; };
		6EFF40325F6193CD43A77082 /* Pods-liuda.release.xcconfig */ = {isa = PBXFileReference; includeInIndex = 1; lastKnownFileType = text.xcconfig; name = "Pods-liuda.release.xcconfig"; path = "Target Support Files/Pods-liuda/Pods-liuda.release.xcconfig"; sourceTree = "<group>"; };
		BA051873229C064C0045C487 /* liuda.app */ = {isa = PBXFileReference; explicitFileType = wrapper.application; includeInIndex = 0; path = liuda.app; sourceTree = BUILT_PRODUCTS_DIR; };
		BA051876229C064C0045C487 /* AppDelegate.swift */ = {isa = PBXFileReference; lastKnownFileType = sourcecode.swift; path = AppDelegate.swift; sourceTree = "<group>"; };
		BA05187B229C064C0045C487 /* Base */ = {isa = PBXFileReference; lastKnownFileType = file.storyboard; name = Base; path = Base.lproj/Main.storyboard; sourceTree = "<group>"; };
		BA05187D229C064D0045C487 /* Assets.xcassets */ = {isa = PBXFileReference; lastKnownFileType = folder.assetcatalog; path = Assets.xcassets; sourceTree = "<group>"; };
		BA051880229C064D0045C487 /* Base */ = {isa = PBXFileReference; lastKnownFileType = file.storyboard; name = Base; path = Base.lproj/LaunchScreen.storyboard; sourceTree = "<group>"; };
		BA051882229C064D0045C487 /* Info.plist */ = {isa = PBXFileReference; lastKnownFileType = text.plist.xml; path = Info.plist; sourceTree = "<group>"; };
		BA051887229C064D0045C487 /* liudaTests.xctest */ = {isa = PBXFileReference; explicitFileType = wrapper.cfbundle; includeInIndex = 0; path = liudaTests.xctest; sourceTree = BUILT_PRODUCTS_DIR; };
		BA05188B229C064D0045C487 /* liudaTests.swift */ = {isa = PBXFileReference; lastKnownFileType = sourcecode.swift; path = liudaTests.swift; sourceTree = "<group>"; };
		BA05188D229C064D0045C487 /* Info.plist */ = {isa = PBXFileReference; lastKnownFileType = text.plist.xml; path = Info.plist; sourceTree = "<group>"; };
		BA051892229C064D0045C487 /* liudaUITests.xctest */ = {isa = PBXFileReference; explicitFileType = wrapper.cfbundle; includeInIndex = 0; path = liudaUITests.xctest; sourceTree = BUILT_PRODUCTS_DIR; };
		BA051896229C064D0045C487 /* liudaUITests.swift */ = {isa = PBXFileReference; lastKnownFileType = sourcecode.swift; path = liudaUITests.swift; sourceTree = "<group>"; };
		BA051898229C064D0045C487 /* Info.plist */ = {isa = PBXFileReference; lastKnownFileType = text.plist.xml; path = Info.plist; sourceTree = "<group>"; };
		BAF42425229D3C1200FD1C47 /* ViewControllerBackManager.swift */ = {isa = PBXFileReference; fileEncoding = 4; lastKnownFileType = sourcecode.swift; path = ViewControllerBackManager.swift; sourceTree = "<group>"; };
		BAF42426229D3C1200FD1C47 /* LLWebViewController.swift */ = {isa = PBXFileReference; fileEncoding = 4; lastKnownFileType = sourcecode.swift; path = LLWebViewController.swift; sourceTree = "<group>"; };
		BAF42427229D3C1200FD1C47 /* LLViewController.swift */ = {isa = PBXFileReference; fileEncoding = 4; lastKnownFileType = sourcecode.swift; path = LLViewController.swift; sourceTree = "<group>"; };
		BAF42428229D3C1200FD1C47 /* LLNavigationController.swift */ = {isa = PBXFileReference; fileEncoding = 4; lastKnownFileType = sourcecode.swift; path = LLNavigationController.swift; sourceTree = "<group>"; };
		BAF42429229D3C1200FD1C47 /* LLTabBarController.swift */ = {isa = PBXFileReference; fileEncoding = 4; lastKnownFileType = sourcecode.swift; path = LLTabBarController.swift; sourceTree = "<group>"; };
		BAF42430229D3C9000FD1C47 /* Define_UIImage.swift */ = {isa = PBXFileReference; fileEncoding = 4; lastKnownFileType = sourcecode.swift; path = Define_UIImage.swift; sourceTree = "<group>"; };
		BAF42431229D3C9000FD1C47 /* MacroTool.swift */ = {isa = PBXFileReference; fileEncoding = 4; lastKnownFileType = sourcecode.swift; path = MacroTool.swift; sourceTree = "<group>"; };
		BAF42432229D3C9000FD1C47 /* Define_UIColor.swift */ = {isa = PBXFileReference; fileEncoding = 4; lastKnownFileType = sourcecode.swift; path = Define_UIColor.swift; sourceTree = "<group>"; };
		BAF42437229D3D1100FD1C47 /* TimeUtil.swift */ = {isa = PBXFileReference; fileEncoding = 4; lastKnownFileType = sourcecode.swift; path = TimeUtil.swift; sourceTree = "<group>"; };
		BAF42439229D3D1100FD1C47 /* NetParamUtil.swift */ = {isa = PBXFileReference; fileEncoding = 4; lastKnownFileType = sourcecode.swift; path = NetParamUtil.swift; sourceTree = "<group>"; };
		BAF4243A229D3D1100FD1C47 /* NetworkingUtil.swift */ = {isa = PBXFileReference; fileEncoding = 4; lastKnownFileType = sourcecode.swift; path = NetworkingUtil.swift; sourceTree = "<group>"; };
		BAF4243C229D3D1100FD1C47 /* Extension_UIImage.swift */ = {isa = PBXFileReference; fileEncoding = 4; lastKnownFileType = sourcecode.swift; path = Extension_UIImage.swift; sourceTree = "<group>"; };
		BAF4243D229D3D1100FD1C47 /* Extension_UIColor.swift */ = {isa = PBXFileReference; fileEncoding = 4; lastKnownFileType = sourcecode.swift; path = Extension_UIColor.swift; sourceTree = "<group>"; };
		BAF4243E229D3D1100FD1C47 /* Extension_String.swift */ = {isa = PBXFileReference; fileEncoding = 4; lastKnownFileType = sourcecode.swift; path = Extension_String.swift; sourceTree = "<group>"; };
		BAF42440229D3D1100FD1C47 /* BaseModel.swift */ = {isa = PBXFileReference; fileEncoding = 4; lastKnownFileType = sourcecode.swift; path = BaseModel.swift; sourceTree = "<group>"; };
		BAF42442229D3D1100FD1C47 /* ProgressHUD.swift */ = {isa = PBXFileReference; fileEncoding = 4; lastKnownFileType = sourcecode.swift; path = ProgressHUD.swift; sourceTree = "<group>"; };
		BAF4244C229D3DEF00FD1C47 /* liuda-Bridging-Header.h */ = {isa = PBXFileReference; lastKnownFileType = sourcecode.c.h; path = "liuda-Bridging-Header.h"; sourceTree = "<group>"; };
		BAF42451229D445900FD1C47 /* LLHomeViewController.swift */ = {isa = PBXFileReference; lastKnownFileType = sourcecode.swift; path = LLHomeViewController.swift; sourceTree = "<group>"; };
		BAF42453229D447B00FD1C47 /* LLTaskViewController.swift */ = {isa = PBXFileReference; lastKnownFileType = sourcecode.swift; path = LLTaskViewController.swift; sourceTree = "<group>"; };
		BAF42455229D449F00FD1C47 /* LLInviteViewController.swift */ = {isa = PBXFileReference; lastKnownFileType = sourcecode.swift; path = LLInviteViewController.swift; sourceTree = "<group>"; };
		BAF42457229D44B000FD1C47 /* LLMineViewController.swift */ = {isa = PBXFileReference; lastKnownFileType = sourcecode.swift; path = LLMineViewController.swift; sourceTree = "<group>"; };
/* End PBXFileReference section */

/* Begin PBXFrameworksBuildPhase section */
		BA051870229C064C0045C487 /* Frameworks */ = {
			isa = PBXFrameworksBuildPhase;
			buildActionMask = 2147483647;
			files = (
				B545B8817FCD3B92C3F09B9B /* libPods-liuda.a in Frameworks */,
			);
			runOnlyForDeploymentPostprocessing = 0;
		};
		BA051884229C064D0045C487 /* Frameworks */ = {
			isa = PBXFrameworksBuildPhase;
			buildActionMask = 2147483647;
			files = (
			);
			runOnlyForDeploymentPostprocessing = 0;
		};
		BA05188F229C064D0045C487 /* Frameworks */ = {
			isa = PBXFrameworksBuildPhase;
			buildActionMask = 2147483647;
			files = (
			);
			runOnlyForDeploymentPostprocessing = 0;
		};
/* End PBXFrameworksBuildPhase section */

/* Begin PBXGroup section */
		4F73F4B86F3A2394C98C2BA4 /* Pods */ = {
			isa = PBXGroup;
			children = (
				38436D460806F07BBCAC0FCC /* Pods-liuda.debug.xcconfig */,
				6EFF40325F6193CD43A77082 /* Pods-liuda.release.xcconfig */,
			);
			path = Pods;
			sourceTree = "<group>";
		};
		BA05186A229C064C0045C487 = {
			isa = PBXGroup;
			children = (
				BAF42421229D33F500FD1C47 /* Project */,
				BA051875229C064C0045C487 /* liuda */,
				BA05188A229C064D0045C487 /* liudaTests */,
				BA051895229C064D0045C487 /* liudaUITests */,
				BA051874229C064C0045C487 /* Products */,
				4F73F4B86F3A2394C98C2BA4 /* Pods */,
				E12EC1041138516378367D25 /* Frameworks */,
			);
			sourceTree = "<group>";
		};
		BA051874229C064C0045C487 /* Products */ = {
			isa = PBXGroup;
			children = (
				BA051873229C064C0045C487 /* liuda.app */,
				BA051887229C064D0045C487 /* liudaTests.xctest */,
				BA051892229C064D0045C487 /* liudaUITests.xctest */,
			);
			name = Products;
			sourceTree = "<group>";
		};
		BA051875229C064C0045C487 /* liuda */ = {
			isa = PBXGroup;
			children = (
				BA051876229C064C0045C487 /* AppDelegate.swift */,
				BA05187A229C064C0045C487 /* Main.storyboard */,
				BA05187D229C064D0045C487 /* Assets.xcassets */,
				BA05187F229C064D0045C487 /* LaunchScreen.storyboard */,
				BA051882229C064D0045C487 /* Info.plist */,
			);
			path = liuda;
			sourceTree = "<group>";
		};
		BA05188A229C064D0045C487 /* liudaTests */ = {
			isa = PBXGroup;
			children = (
				BA05188B229C064D0045C487 /* liudaTests.swift */,
				BA05188D229C064D0045C487 /* Info.plist */,
			);
			path = liudaTests;
			sourceTree = "<group>";
		};
		BA051895229C064D0045C487 /* liudaUITests */ = {
			isa = PBXGroup;
			children = (
				BA051896229C064D0045C487 /* liudaUITests.swift */,
				BA051898229C064D0045C487 /* Info.plist */,
			);
			path = liudaUITests;
			sourceTree = "<group>";
		};
		BAF42421229D33F500FD1C47 /* Project */ = {
			isa = PBXGroup;
			children = (
				BAF42422229D3B7D00FD1C47 /* APP */,
				BAF42423229D3B8C00FD1C47 /* Frameworks */,
			);
			path = Project;
			sourceTree = "<group>";
		};
		BAF42422229D3B7D00FD1C47 /* APP */ = {
			isa = PBXGroup;
			children = (
				BAF4244D229D437D00FD1C47 /* Home */,
				BAF4244E229D439000FD1C47 /* Task */,
				BAF4244F229D439C00FD1C47 /* Invite */,
				BAF42450229D43B900FD1C47 /* Mine */,
			);
			path = APP;
			sourceTree = "<group>";
		};
		BAF42423229D3B8C00FD1C47 /* Frameworks */ = {
			isa = PBXGroup;
			children = (
				BAF4243B229D3D1100FD1C47 /* extension */,
				BAF4243F229D3D1100FD1C47 /* model */,
				BAF42438229D3D1100FD1C47 /* net */,
				BAF42441229D3D1100FD1C47 /* thirdFramework */,
				BAF42436229D3D1100FD1C47 /* Utils */,
				BAF4242F229D3C9000FD1C47 /* Constants */,
				BAF42424229D3B9E00FD1C47 /* RootViewController */,
			);
			path = Frameworks;
			sourceTree = "<group>";
		};
		BAF42424229D3B9E00FD1C47 /* RootViewController */ = {
			isa = PBXGroup;
			children = (
				BAF42428229D3C1200FD1C47 /* LLNavigationController.swift */,
				BAF42429229D3C1200FD1C47 /* LLTabBarController.swift */,
				BAF42427229D3C1200FD1C47 /* LLViewController.swift */,
				BAF42426229D3C1200FD1C47 /* LLWebViewController.swift */,
				BAF42425229D3C1200FD1C47 /* ViewControllerBackManager.swift */,
			);
			path = RootViewController;
			sourceTree = "<group>";
		};
		BAF4242F229D3C9000FD1C47 /* Constants */ = {
			isa = PBXGroup;
			children = (
				BAF42431229D3C9000FD1C47 /* MacroTool.swift */,
				BAF42430229D3C9000FD1C47 /* Define_UIImage.swift */,
				BAF42432229D3C9000FD1C47 /* Define_UIColor.swift */,
			);
			path = Constants;
			sourceTree = "<group>";
		};
		BAF42436229D3D1100FD1C47 /* Utils */ = {
			isa = PBXGroup;
			children = (
				BAF42437229D3D1100FD1C47 /* TimeUtil.swift */,
			);
			path = Utils;
			sourceTree = "<group>";
		};
		BAF42438229D3D1100FD1C47 /* net */ = {
			isa = PBXGroup;
			children = (
				BAF42439229D3D1100FD1C47 /* NetParamUtil.swift */,
				BAF4243A229D3D1100FD1C47 /* NetworkingUtil.swift */,
			);
			path = net;
			sourceTree = "<group>";
		};
		BAF4243B229D3D1100FD1C47 /* extension */ = {
			isa = PBXGroup;
			children = (
				BAF4243C229D3D1100FD1C47 /* Extension_UIImage.swift */,
				BAF4243D229D3D1100FD1C47 /* Extension_UIColor.swift */,
				BAF4243E229D3D1100FD1C47 /* Extension_String.swift */,
			);
			path = extension;
			sourceTree = "<group>";
		};
		BAF4243F229D3D1100FD1C47 /* model */ = {
			isa = PBXGroup;
			children = (
				BAF42440229D3D1100FD1C47 /* BaseModel.swift */,
			);
			path = model;
			sourceTree = "<group>";
		};
		BAF42441229D3D1100FD1C47 /* thirdFramework */ = {
			isa = PBXGroup;
			children = (
				BAF4244C229D3DEF00FD1C47 /* liuda-Bridging-Header.h */,
				BAF42442229D3D1100FD1C47 /* ProgressHUD.swift */,
			);
			path = thirdFramework;
			sourceTree = "<group>";
		};
		BAF4244D229D437D00FD1C47 /* Home */ = {
			isa = PBXGroup;
			children = (
				BAF42451229D445900FD1C47 /* LLHomeViewController.swift */,
			);
			path = Home;
			sourceTree = "<group>";
		};
		BAF4244E229D439000FD1C47 /* Task */ = {
			isa = PBXGroup;
			children = (
				BAF42453229D447B00FD1C47 /* LLTaskViewController.swift */,
			);
			path = Task;
			sourceTree = "<group>";
		};
		BAF4244F229D439C00FD1C47 /* Invite */ = {
			isa = PBXGroup;
			children = (
				BAF42455229D449F00FD1C47 /* LLInviteViewController.swift */,
			);
			path = Invite;
			sourceTree = "<group>";
		};
		BAF42450229D43B900FD1C47 /* Mine */ = {
			isa = PBXGroup;
			children = (
				BAF42457229D44B000FD1C47 /* LLMineViewController.swift */,
			);
			path = Mine;
			sourceTree = "<group>";
		};
		E12EC1041138516378367D25 /* Frameworks */ = {
			isa = PBXGroup;
			children = (
				6A7098F80FEB117D791C2358 /* libPods-liuda.a */,
			);
			name = Frameworks;
			sourceTree = "<group>";
		};
/* End PBXGroup section */

/* Begin PBXNativeTarget section */
		BA051872229C064C0045C487 /* liuda */ = {
			isa = PBXNativeTarget;
			buildConfigurationList = BA05189B229C064D0045C487 /* Build configuration list for PBXNativeTarget "liuda" */;
			buildPhases = (
				4EBA4C9C8E4F86E0A43C9833 /* [CP] Check Pods Manifest.lock */,
				BA05186F229C064C0045C487 /* Sources */,
				BA051870229C064C0045C487 /* Frameworks */,
				BA051871229C064C0045C487 /* Resources */,
				160EBD1F2E76D30BF60171B8 /* [CP] Copy Pods Resources */,
			);
			buildRules = (
			);
			dependencies = (
			);
			name = liuda;
			productName = liuda;
			productReference = BA051873229C064C0045C487 /* liuda.app */;
			productType = "com.apple.product-type.application";
		};
		BA051886229C064D0045C487 /* liudaTests */ = {
			isa = PBXNativeTarget;
			buildConfigurationList = BA05189E229C064D0045C487 /* Build configuration list for PBXNativeTarget "liudaTests" */;
			buildPhases = (
				BA051883229C064D0045C487 /* Sources */,
				BA051884229C064D0045C487 /* Frameworks */,
				BA051885229C064D0045C487 /* Resources */,
			);
			buildRules = (
			);
			dependencies = (
				BA051889229C064D0045C487 /* PBXTargetDependency */,
			);
			name = liudaTests;
			productName = liudaTests;
			productReference = BA051887229C064D0045C487 /* liudaTests.xctest */;
			productType = "com.apple.product-type.bundle.unit-test";
		};
		BA051891229C064D0045C487 /* liudaUITests */ = {
			isa = PBXNativeTarget;
			buildConfigurationList = BA0518A1229C064D0045C487 /* Build configuration list for PBXNativeTarget "liudaUITests" */;
			buildPhases = (
				BA05188E229C064D0045C487 /* Sources */,
				BA05188F229C064D0045C487 /* Frameworks */,
				BA051890229C064D0045C487 /* Resources */,
			);
			buildRules = (
			);
			dependencies = (
				BA051894229C064D0045C487 /* PBXTargetDependency */,
			);
			name = liudaUITests;
			productName = liudaUITests;
			productReference = BA051892229C064D0045C487 /* liudaUITests.xctest */;
			productType = "com.apple.product-type.bundle.ui-testing";
		};
/* End PBXNativeTarget section */

/* Begin PBXProject section */
		BA05186B229C064C0045C487 /* Project object */ = {
			isa = PBXProject;
			attributes = {
				LastSwiftUpdateCheck = 1020;
				LastUpgradeCheck = 1020;
				ORGANIZATIONNAME = "徐其威";
				TargetAttributes = {
					BA051872229C064C0045C487 = {
						CreatedOnToolsVersion = 10.2.1;
					};
					BA051886229C064D0045C487 = {
						CreatedOnToolsVersion = 10.2.1;
						TestTargetID = BA051872229C064C0045C487;
					};
					BA051891229C064D0045C487 = {
						CreatedOnToolsVersion = 10.2.1;
						TestTargetID = BA051872229C064C0045C487;
					};
				};
			};
			buildConfigurationList = BA05186E229C064C0045C487 /* Build configuration list for PBXProject "liuda" */;
			compatibilityVersion = "Xcode 9.3";
			developmentRegion = en;
			hasScannedForEncodings = 0;
			knownRegions = (
				en,
				Base,
			);
			mainGroup = BA05186A229C064C0045C487;
			productRefGroup = BA051874229C064C0045C487 /* Products */;
			projectDirPath = "";
			projectRoot = "";
			targets = (
				BA051872229C064C0045C487 /* liuda */,
				BA051886229C064D0045C487 /* liudaTests */,
				BA051891229C064D0045C487 /* liudaUITests */,
			);
		};
/* End PBXProject section */

/* Begin PBXResourcesBuildPhase section */
		BA051871229C064C0045C487 /* Resources */ = {
			isa = PBXResourcesBuildPhase;
			buildActionMask = 2147483647;
			files = (
				BA051881229C064D0045C487 /* LaunchScreen.storyboard in Resources */,
				BA05187E229C064D0045C487 /* Assets.xcassets in Resources */,
				BA05187C229C064C0045C487 /* Main.storyboard in Resources */,
			);
			runOnlyForDeploymentPostprocessing = 0;
		};
		BA051885229C064D0045C487 /* Resources */ = {
			isa = PBXResourcesBuildPhase;
			buildActionMask = 2147483647;
			files = (
			);
			runOnlyForDeploymentPostprocessing = 0;
		};
		BA051890229C064D0045C487 /* Resources */ = {
			isa = PBXResourcesBuildPhase;
			buildActionMask = 2147483647;
			files = (
			);
			runOnlyForDeploymentPostprocessing = 0;
		};
/* End PBXResourcesBuildPhase section */

/* Begin PBXShellScriptBuildPhase section */
		160EBD1F2E76D30BF60171B8 /* [CP] Copy Pods Resources */ = {
			isa = PBXShellScriptBuildPhase;
			buildActionMask = 2147483647;
			files = (
			);
			inputFileListPaths = (
			);
			inputPaths = (
				"${PODS_ROOT}/Target Support Files/Pods-liuda/Pods-liuda-resources.sh",
				"${PODS_ROOT}/MJRefresh/MJRefresh/MJRefresh.bundle",
			);
			name = "[CP] Copy Pods Resources";
			outputFileListPaths = (
			);
			outputPaths = (
				"${TARGET_BUILD_DIR}/${UNLOCALIZED_RESOURCES_FOLDER_PATH}/MJRefresh.bundle",
			);
			runOnlyForDeploymentPostprocessing = 0;
			shellPath = /bin/sh;
			shellScript = "\"${PODS_ROOT}/Target Support Files/Pods-liuda/Pods-liuda-resources.sh\"\n";
			showEnvVarsInLog = 0;
		};
		4EBA4C9C8E4F86E0A43C9833 /* [CP] Check Pods Manifest.lock */ = {
			isa = PBXShellScriptBuildPhase;
			buildActionMask = 2147483647;
			files = (
			);
			inputFileListPaths = (
			);
			inputPaths = (
				"${PODS_PODFILE_DIR_PATH}/Podfile.lock",
				"${PODS_ROOT}/Manifest.lock",
			);
			name = "[CP] Check Pods Manifest.lock";
			outputFileListPaths = (
			);
			outputPaths = (
				"$(DERIVED_FILE_DIR)/Pods-liuda-checkManifestLockResult.txt",
			);
			runOnlyForDeploymentPostprocessing = 0;
			shellPath = /bin/sh;
			shellScript = "diff \"${PODS_PODFILE_DIR_PATH}/Podfile.lock\" \"${PODS_ROOT}/Manifest.lock\" > /dev/null\nif [ $? != 0 ] ; then\n    # print error to STDERR\n    echo \"error: The sandbox is not in sync with the Podfile.lock. Run 'pod install' or update your CocoaPods installation.\" >&2\n    exit 1\nfi\n# This output is used by Xcode 'outputs' to avoid re-running this script phase.\necho \"SUCCESS\" > \"${SCRIPT_OUTPUT_FILE_0}\"\n";
			showEnvVarsInLog = 0;
		};
/* End PBXShellScriptBuildPhase section */

/* Begin PBXSourcesBuildPhase section */
		BA05186F229C064C0045C487 /* Sources */ = {
			isa = PBXSourcesBuildPhase;
			buildActionMask = 2147483647;
			files = (
				BAF42435229D3C9000FD1C47 /* Define_UIColor.swift in Sources */,
				BAF42434229D3C9000FD1C47 /* MacroTool.swift in Sources */,
				BAF4244B229D3D1100FD1C47 /* ProgressHUD.swift in Sources */,
				BAF42444229D3D1100FD1C47 /* TimeUtil.swift in Sources */,
				BAF42445229D3D1100FD1C47 /* NetParamUtil.swift in Sources */,
				BAF42449229D3D1100FD1C47 /* Extension_String.swift in Sources */,
				BAF4242C229D3C1200FD1C47 /* LLViewController.swift in Sources */,
				BAF42452229D445900FD1C47 /* LLHomeViewController.swift in Sources */,
				BAF4242D229D3C1200FD1C47 /* LLNavigationController.swift in Sources */,
				BAF42433229D3C9000FD1C47 /* Define_UIImage.swift in Sources */,
				BAF4242A229D3C1200FD1C47 /* ViewControllerBackManager.swift in Sources */,
				BAF42454229D447B00FD1C47 /* LLTaskViewController.swift in Sources */,
				BAF42446229D3D1100FD1C47 /* NetworkingUtil.swift in Sources */,
				BAF42447229D3D1100FD1C47 /* Extension_UIImage.swift in Sources */,
				BAF42456229D449F00FD1C47 /* LLInviteViewController.swift in Sources */,
				BAF4244A229D3D1100FD1C47 /* BaseModel.swift in Sources */,
				BAF4242E229D3C1200FD1C47 /* LLTabBarController.swift in Sources */,
				BAF4242B229D3C1200FD1C47 /* LLWebViewController.swift in Sources */,
				BAF42448229D3D1100FD1C47 /* Extension_UIColor.swift in Sources */,
				BA051877229C064C0045C487 /* AppDelegate.swift in Sources */,
				BAF42458229D44B000FD1C47 /* LLMineViewController.swift in Sources */,
			);
			runOnlyForDeploymentPostprocessing = 0;
		};
		BA051883229C064D0045C487 /* Sources */ = {
			isa = PBXSourcesBuildPhase;
			buildActionMask = 2147483647;
			files = (
				BA05188C229C064D0045C487 /* liudaTests.swift in Sources */,
			);
			runOnlyForDeploymentPostprocessing = 0;
		};
		BA05188E229C064D0045C487 /* Sources */ = {
			isa = PBXSourcesBuildPhase;
			buildActionMask = 2147483647;
			files = (
				BA051897229C064D0045C487 /* liudaUITests.swift in Sources */,
			);
			runOnlyForDeploymentPostprocessing = 0;
		};
/* End PBXSourcesBuildPhase section */

/* Begin PBXTargetDependency section */
		BA051889229C064D0045C487 /* PBXTargetDependency */ = {
			isa = PBXTargetDependency;
			target = BA051872229C064C0045C487 /* liuda */;
			targetProxy = BA051888229C064D0045C487 /* PBXContainerItemProxy */;
		};
		BA051894229C064D0045C487 /* PBXTargetDependency */ = {
			isa = PBXTargetDependency;
			target = BA051872229C064C0045C487 /* liuda */;
			targetProxy = BA051893229C064D0045C487 /* PBXContainerItemProxy */;
		};
/* End PBXTargetDependency section */

/* Begin PBXVariantGroup section */
		BA05187A229C064C0045C487 /* Main.storyboard */ = {
			isa = PBXVariantGroup;
			children = (
				BA05187B229C064C0045C487 /* Base */,
			);
			name = Main.storyboard;
			sourceTree = "<group>";
		};
		BA05187F229C064D0045C487 /* LaunchScreen.storyboard */ = {
			isa = PBXVariantGroup;
			children = (
				BA051880229C064D0045C487 /* Base */,
			);
			name = LaunchScreen.storyboard;
			sourceTree = "<group>";
		};
/* End PBXVariantGroup section */

/* Begin XCBuildConfiguration section */
		BA051899229C064D0045C487 /* Debug */ = {
			isa = XCBuildConfiguration;
			buildSettings = {
				ALWAYS_SEARCH_USER_PATHS = NO;
				CLANG_ANALYZER_NONNULL = YES;
				CLANG_ANALYZER_NUMBER_OBJECT_CONVERSION = YES_AGGRESSIVE;
				CLANG_CXX_LANGUAGE_STANDARD = "gnu++14";
				CLANG_CXX_LIBRARY = "libc++";
				CLANG_ENABLE_MODULES = YES;
				CLANG_ENABLE_OBJC_ARC = YES;
				CLANG_ENABLE_OBJC_WEAK = YES;
				CLANG_WARN_BLOCK_CAPTURE_AUTORELEASING = YES;
				CLANG_WARN_BOOL_CONVERSION = YES;
				CLANG_WARN_COMMA = YES;
				CLANG_WARN_CONSTANT_CONVERSION = YES;
				CLANG_WARN_DEPRECATED_OBJC_IMPLEMENTATIONS = YES;
				CLANG_WARN_DIRECT_OBJC_ISA_USAGE = YES_ERROR;
				CLANG_WARN_DOCUMENTATION_COMMENTS = YES;
				CLANG_WARN_EMPTY_BODY = YES;
				CLANG_WARN_ENUM_CONVERSION = YES;
				CLANG_WARN_INFINITE_RECURSION = YES;
				CLANG_WARN_INT_CONVERSION = YES;
				CLANG_WARN_NON_LITERAL_NULL_CONVERSION = YES;
				CLANG_WARN_OBJC_IMPLICIT_RETAIN_SELF = YES;
				CLANG_WARN_OBJC_LITERAL_CONVERSION = YES;
				CLANG_WARN_OBJC_ROOT_CLASS = YES_ERROR;
				CLANG_WARN_RANGE_LOOP_ANALYSIS = YES;
				CLANG_WARN_STRICT_PROTOTYPES = YES;
				CLANG_WARN_SUSPICIOUS_MOVE = YES;
				CLANG_WARN_UNGUARDED_AVAILABILITY = YES_AGGRESSIVE;
				CLANG_WARN_UNREACHABLE_CODE = YES;
				CLANG_WARN__DUPLICATE_METHOD_MATCH = YES;
				CODE_SIGN_IDENTITY = "iPhone Developer";
				COPY_PHASE_STRIP = NO;
				DEBUG_INFORMATION_FORMAT = dwarf;
				ENABLE_STRICT_OBJC_MSGSEND = YES;
				ENABLE_TESTABILITY = YES;
				GCC_C_LANGUAGE_STANDARD = gnu11;
				GCC_DYNAMIC_NO_PIC = NO;
				GCC_NO_COMMON_BLOCKS = YES;
				GCC_OPTIMIZATION_LEVEL = 0;
				GCC_PREPROCESSOR_DEFINITIONS = (
					"DEBUG=1",
					"$(inherited)",
				);
				GCC_WARN_64_TO_32_BIT_CONVERSION = YES;
				GCC_WARN_ABOUT_RETURN_TYPE = YES_ERROR;
				GCC_WARN_UNDECLARED_SELECTOR = YES;
				GCC_WARN_UNINITIALIZED_AUTOS = YES_AGGRESSIVE;
				GCC_WARN_UNUSED_FUNCTION = YES;
				GCC_WARN_UNUSED_VARIABLE = YES;
				IPHONEOS_DEPLOYMENT_TARGET = 12.2;
				MTL_ENABLE_DEBUG_INFO = INCLUDE_SOURCE;
				MTL_FAST_MATH = YES;
				ONLY_ACTIVE_ARCH = YES;
				SDKROOT = iphoneos;
				SWIFT_ACTIVE_COMPILATION_CONDITIONS = DEBUG;
				SWIFT_OPTIMIZATION_LEVEL = "-Onone";
			};
			name = Debug;
		};
		BA05189A229C064D0045C487 /* Release */ = {
			isa = XCBuildConfiguration;
			buildSettings = {
				ALWAYS_SEARCH_USER_PATHS = NO;
				CLANG_ANALYZER_NONNULL = YES;
				CLANG_ANALYZER_NUMBER_OBJECT_CONVERSION = YES_AGGRESSIVE;
				CLANG_CXX_LANGUAGE_STANDARD = "gnu++14";
				CLANG_CXX_LIBRARY = "libc++";
				CLANG_ENABLE_MODULES = YES;
				CLANG_ENABLE_OBJC_ARC = YES;
				CLANG_ENABLE_OBJC_WEAK = YES;
				CLANG_WARN_BLOCK_CAPTURE_AUTORELEASING = YES;
				CLANG_WARN_BOOL_CONVERSION = YES;
				CLANG_WARN_COMMA = YES;
				CLANG_WARN_CONSTANT_CONVERSION = YES;
				CLANG_WARN_DEPRECATED_OBJC_IMPLEMENTATIONS = YES;
				CLANG_WARN_DIRECT_OBJC_ISA_USAGE = YES_ERROR;
				CLANG_WARN_DOCUMENTATION_COMMENTS = YES;
				CLANG_WARN_EMPTY_BODY = YES;
				CLANG_WARN_ENUM_CONVERSION = YES;
				CLANG_WARN_INFINITE_RECURSION = YES;
				CLANG_WARN_INT_CONVERSION = YES;
				CLANG_WARN_NON_LITERAL_NULL_CONVERSION = YES;
				CLANG_WARN_OBJC_IMPLICIT_RETAIN_SELF = YES;
				CLANG_WARN_OBJC_LITERAL_CONVERSION = YES;
				CLANG_WARN_OBJC_ROOT_CLASS = YES_ERROR;
				CLANG_WARN_RANGE_LOOP_ANALYSIS = YES;
				CLANG_WARN_STRICT_PROTOTYPES = YES;
				CLANG_WARN_SUSPICIOUS_MOVE = YES;
				CLANG_WARN_UNGUARDED_AVAILABILITY = YES_AGGRESSIVE;
				CLANG_WARN_UNREACHABLE_CODE = YES;
				CLANG_WARN__DUPLICATE_METHOD_MATCH = YES;
				CODE_SIGN_IDENTITY = "iPhone Developer";
				COPY_PHASE_STRIP = NO;
				DEBUG_INFORMATION_FORMAT = "dwarf-with-dsym";
				ENABLE_NS_ASSERTIONS = NO;
				ENABLE_STRICT_OBJC_MSGSEND = YES;
				GCC_C_LANGUAGE_STANDARD = gnu11;
				GCC_NO_COMMON_BLOCKS = YES;
				GCC_WARN_64_TO_32_BIT_CONVERSION = YES;
				GCC_WARN_ABOUT_RETURN_TYPE = YES_ERROR;
				GCC_WARN_UNDECLARED_SELECTOR = YES;
				GCC_WARN_UNINITIALIZED_AUTOS = YES_AGGRESSIVE;
				GCC_WARN_UNUSED_FUNCTION = YES;
				GCC_WARN_UNUSED_VARIABLE = YES;
				IPHONEOS_DEPLOYMENT_TARGET = 12.2;
				MTL_ENABLE_DEBUG_INFO = NO;
				MTL_FAST_MATH = YES;
				SDKROOT = iphoneos;
				SWIFT_COMPILATION_MODE = wholemodule;
				SWIFT_OPTIMIZATION_LEVEL = "-O";
				VALIDATE_PRODUCT = YES;
			};
			name = Release;
		};
		BA05189C229C064D0045C487 /* Debug */ = {
			isa = XCBuildConfiguration;
			baseConfigurationReference = 38436D460806F07BBCAC0FCC /* Pods-liuda.debug.xcconfig */;
			buildSettings = {
				ASSETCATALOG_COMPILER_APPICON_NAME = AppIcon;
				ASSETCATALOG_COMPILER_LAUNCHIMAGE_NAME = LaunchImage;
				CODE_SIGN_STYLE = Automatic;
				DEVELOPMENT_TEAM = FD2B6ARLZL;
				INFOPLIST_FILE = liuda/Info.plist;
				IPHONEOS_DEPLOYMENT_TARGET = 10.0;
				LD_RUNPATH_SEARCH_PATHS = (
					"$(inherited)",
					"@executable_path/Frameworks",
				);
				PRODUCT_BUNDLE_IDENTIFIER = com.inmyshow.liuda.ios;
				PRODUCT_NAME = "$(TARGET_NAME)";
				SWIFT_OBJC_BRIDGING_HEADER = "/Users/xuqiwei/Desktop/liuda_demo/liuda_swift/Project/Frameworks/thirdFramework/liuda-Bridging-Header.h";
				SWIFT_VERSION = 5.0;
				TARGETED_DEVICE_FAMILY = "1,2";
			};
			name = Debug;
		};
		BA05189D229C064D0045C487 /* Release */ = {
			isa = XCBuildConfiguration;
			baseConfigurationReference = 6EFF40325F6193CD43A77082 /* Pods-liuda.release.xcconfig */;
			buildSettings = {
				ASSETCATALOG_COMPILER_APPICON_NAME = AppIcon;
				ASSETCATALOG_COMPILER_LAUNCHIMAGE_NAME = LaunchImage;
				CODE_SIGN_STYLE = Automatic;
				DEVELOPMENT_TEAM = FD2B6ARLZL;
				INFOPLIST_FILE = liuda/Info.plist;
				IPHONEOS_DEPLOYMENT_TARGET = 10.0;
				LD_RUNPATH_SEARCH_PATHS = (
					"$(inherited)",
					"@executable_path/Frameworks",
				);
				PRODUCT_BUNDLE_IDENTIFIER = com.inmyshow.liuda.ios;
				PRODUCT_NAME = "$(TARGET_NAME)";
				SWIFT_OBJC_BRIDGING_HEADER = "/Users/xuqiwei/Desktop/liuda_demo/liuda_swift/Project/Frameworks/thirdFramework/liuda-Bridging-Header.h";
				SWIFT_VERSION = 5.0;
				TARGETED_DEVICE_FAMILY = "1,2";
			};
			name = Release;
		};
		BA05189F229C064D0045C487 /* Debug */ = {
			isa = XCBuildConfiguration;
			buildSettings = {
				ALWAYS_EMBED_SWIFT_STANDARD_LIBRARIES = YES;
				BUNDLE_LOADER = "$(TEST_HOST)";
				CODE_SIGN_STYLE = Automatic;
				DEVELOPMENT_TEAM = FD2B6ARLZL;
				INFOPLIST_FILE = liudaTests/Info.plist;
				LD_RUNPATH_SEARCH_PATHS = (
					"$(inherited)",
					"@executable_path/Frameworks",
					"@loader_path/Frameworks",
				);
				PRODUCT_BUNDLE_IDENTIFIER = com.inmyshow.liudaTests;
				PRODUCT_NAME = "$(TARGET_NAME)";
				SWIFT_VERSION = 5.0;
				TARGETED_DEVICE_FAMILY = "1,2";
				TEST_HOST = "$(BUILT_PRODUCTS_DIR)/liuda.app/liuda";
			};
			name = Debug;
		};
		BA0518A0229C064D0045C487 /* Release */ = {
			isa = XCBuildConfiguration;
			buildSettings = {
				ALWAYS_EMBED_SWIFT_STANDARD_LIBRARIES = YES;
				BUNDLE_LOADER = "$(TEST_HOST)";
				CODE_SIGN_STYLE = Automatic;
				DEVELOPMENT_TEAM = FD2B6ARLZL;
				INFOPLIST_FILE = liudaTests/Info.plist;
				LD_RUNPATH_SEARCH_PATHS = (
					"$(inherited)",
					"@executable_path/Frameworks",
					"@loader_path/Frameworks",
				);
				PRODUCT_BUNDLE_IDENTIFIER = com.inmyshow.liudaTests;
				PRODUCT_NAME = "$(TARGET_NAME)";
				SWIFT_VERSION = 5.0;
				TARGETED_DEVICE_FAMILY = "1,2";
				TEST_HOST = "$(BUILT_PRODUCTS_DIR)/liuda.app/liuda";
			};
			name = Release;
		};
		BA0518A2229C064D0045C487 /* Debug */ = {
			isa = XCBuildConfiguration;
			buildSettings = {
				ALWAYS_EMBED_SWIFT_STANDARD_LIBRARIES = YES;
				CODE_SIGN_STYLE = Automatic;
				DEVELOPMENT_TEAM = FD2B6ARLZL;
				INFOPLIST_FILE = liudaUITests/Info.plist;
				LD_RUNPATH_SEARCH_PATHS = (
					"$(inherited)",
					"@executable_path/Frameworks",
					"@loader_path/Frameworks",
				);
				PRODUCT_BUNDLE_IDENTIFIER = com.inmyshow.liudaUITests;
				PRODUCT_NAME = "$(TARGET_NAME)";
				SWIFT_VERSION = 5.0;
				TARGETED_DEVICE_FAMILY = "1,2";
				TEST_TARGET_NAME = liuda;
			};
			name = Debug;
		};
		BA0518A3229C064D0045C487 /* Release */ = {
			isa = XCBuildConfiguration;
			buildSettings = {
				ALWAYS_EMBED_SWIFT_STANDARD_LIBRARIES = YES;
				CODE_SIGN_STYLE = Automatic;
				DEVELOPMENT_TEAM = FD2B6ARLZL;
				INFOPLIST_FILE = liudaUITests/Info.plist;
				LD_RUNPATH_SEARCH_PATHS = (
					"$(inherited)",
					"@executable_path/Frameworks",
					"@loader_path/Frameworks",
				);
				PRODUCT_BUNDLE_IDENTIFIER = com.inmyshow.liudaUITests;
				PRODUCT_NAME = "$(TARGET_NAME)";
				SWIFT_VERSION = 5.0;
				TARGETED_DEVICE_FAMILY = "1,2";
				TEST_TARGET_NAME = liuda;
			};
			name = Release;
		};
/* End XCBuildConfiguration section */

/* Begin XCConfigurationList section */
		BA05186E229C064C0045C487 /* Build configuration list for PBXProject "liuda" */ = {
			isa = XCConfigurationList;
			buildConfigurations = (
				BA051899229C064D0045C487 /* Debug */,
				BA05189A229C064D0045C487 /* Release */,
			);
			defaultConfigurationIsVisible = 0;
			defaultConfigurationName = Release;
		};
		BA05189B229C064D0045C487 /* Build configuration list for PBXNativeTarget "liuda" */ = {
			isa = XCConfigurationList;
			buildConfigurations = (
				BA05189C229C064D0045C487 /* Debug */,
				BA05189D229C064D0045C487 /* Release */,
			);
			defaultConfigurationIsVisible = 0;
			defaultConfigurationName = Release;
		};
		BA05189E229C064D0045C487 /* Build configuration list for PBXNativeTarget "liudaTests" */ = {
			isa = XCConfigurationList;
			buildConfigurations = (
				BA05189F229C064D0045C487 /* Debug */,
				BA0518A0229C064D0045C487 /* Release */,
			);
			defaultConfigurationIsVisible = 0;
			defaultConfigurationName = Release;
		};
		BA0518A1229C064D0045C487 /* Build configuration list for PBXNativeTarget "liudaUITests" */ = {
			isa = XCConfigurationList;
			buildConfigurations = (
				BA0518A2229C064D0045C487 /* Debug */,
				BA0518A3229C064D0045C487 /* Release */,
			);
			defaultConfigurationIsVisible = 0;
			defaultConfigurationName = Release;
		};
/* End XCConfigurationList section */
	};
	rootObject = BA05186B229C064C0045C487 /* Project object */;
}
